
Microsoft Visual Studio Solution File, Format Version 12.00
# Visual Studio Version 17
VisualStudioVersion = 17.1.32210.238
MinimumVisualStudioVersion = 10.0.40219.1
Project("{888888A0-9F3D-457C-B088-3A5042F75D52}") = "DramaTracer", "DramaTracer\DramaTracer.pyproj", "{EF0E35D6-1AFA-4ABC-B6E2-5BA4EA4E658D}"
EndProject
Global
	GlobalSection(SolutionConfigurationPlatforms) = preSolution
		Debug|Any CPU = Debug|Any CPU
		Release|Any CPU = Release|Any CPU
	EndGlobalSection
	GlobalSection(ProjectConfigurationPlatforms) = postSolution
		{EF0E35D6-1AFA-4ABC-B6E2-5BA4EA4E658D}.Debug|Any CPU.ActiveCfg = Debug|Any CPU
		{EF0E35D6-1AFA-4ABC-B6E2-5BA4EA4E658D}.Debug|Any CPU.Build.0 = Debug|Any CPU
		{EF0E35D6-1AFA-4ABC-B6E2-5BA4EA4E658D}.Release|Any CPU.ActiveCfg = Release|Any CPU
		{EF0E35D6-1AFA-4ABC-B6E2-5BA4EA4E658D}.Release|Any CPU.Build.0 = Release|Any CPU
	EndGlobalSection
	GlobalSection(SolutionProperties) = preSolution
		HideSolutionNode = FALSE
	EndGlobalSection
	GlobalSection(ExtensibilityGlobals) = postSolution
		SolutionGuid = {46626CB2-2905-4435-80D3-EAC6417F2B5A}
	EndGlobalSection
EndGlobal
